{
  "nodes": {
    "disko": {
      "inputs": {
        "nixpkgs": [
          "nixpkgs"
        ]
      },
      "locked": {
        "lastModified": 1780290312,
        "narHash": "sha256-eTAlX0CwgB84Ts3GaBd944A3DRXVMzgA0EqroZBISUo=",
        "owner": "nix-community",
        "repo": "disko",
        "rev": "115e5211780054d8a890b41f0b7734cafad54dfe",
        "type": "github"
      },
      "original": {
        "owner": "nix-community",
        "repo": "disko",
        "type": "github"
      }
    },
    "disko-stable": {
      "inputs": {
        "nixpkgs": [
          "nixpkgs-stable"
        ]
      },
      "locked": {
        "lastModified": 1780290312,
        "narHash": "sha256-eTAlX0CwgB84Ts3GaBd944A3DRXVMzgA0EqroZBISUo=",
        "owner": "nix-community",
        "repo": "disko",
        "rev": "115e5211780054d8a890b41f0b7734cafad54dfe",
        "type": "github"
      },
      "original": {
        "owner": "nix-community",
        "repo": "disko",
        "type": "github"
      }
    },
    "flake-parts": {
      "inputs": {
        "nixpkgs-lib": "nixpkgs-lib"
      },
      "locked": {
        "lastModified": 1778716662,
        "narHash": "sha256-m1Yf0wZ8j1OHjTc2UwHwyQRSnNeSgLJOd7q5Y45hzi4=",
        "owner": "hercules-ci",
        "repo": "flake-parts",
        "rev": "f7c1a2d347e4c52d5fb8d10cb4d94b5884e546fb",
        "type": "github"
      },
      "original": {
        "owner": "hercules-ci",
        "repo": "flake-parts",
        "type": "github"
      }
    },
    "import-tree": {
      "locked": {
        "lastModified": 1778781969,
        "narHash": "sha256-Jjuz5CmSkur8KvLDoGa+vylEp+RkQtv4mt/qcMznpH0=",
        "owner": "vic",
        "repo": "import-tree",
        "rev": "d321337efd0f23a9eb14a42adb7b2c29313ab274",
        "type": "github"
      },
      "original": {
        "owner": "vic",
        "repo": "import-tree",
        "type": "github"
      }
    },
    "nixpkgs": {
      "locked": {
        "lastModified": 1780243769,
        "narHash": "sha256-x5UQuRsH3MqI0U9afaXSNqzTPSeZlRLvFAav2Ux1pNw=",
        "owner": "NixOS",
        "repo": "nixpkgs",
        "rev": "331800de5053fcebacf6813adb5db9c9dca22a0c",
        "type": "github"
      },
      "original": {
        "owner": "NixOS",
        "ref": "nixos-unstable",
        "repo": "nixpkgs",
        "type": "github"
      }
    },
    "nixpkgs-lib": {
      "locked": {
        "lastModified": 1777168982,
        "narHash": "sha256-GOkGPcboWE9BmGCRMLX3worL4EMnsnG8MyKmXNeYuhQ=",
        "owner": "nix-community",
        "repo": "nixpkgs.lib",
        "rev": "f5901329dade4a6ea039af1433fb087bd9c1fe14",
        "type": "github"
      },
      "original": {
        "owner": "nix-community",
        "repo": "nixpkgs.lib",
        "type": "github"
      }
    },
    "nixpkgs-stable": {
      "locked": {
        "lastModified": 1780407289,
        "narHash": "sha256-IR4aCfEQajXSHuO0YUtkamAEjpCZYf08uZsihq3oafo=",
        "owner": "NixOS",
        "repo": "nixpkgs",
        "rev": "29f794b6d782113adbe16c4713f61090dfe08396",
        "type": "github"
      },
      "original": {
        "owner": "NixOS",
        "ref": "release-26.05",
        "repo": "nixpkgs",
        "type": "github"
      }
    },
    "preservation": {
      "locked": {
        "lastModified": 1757436102,
        "narHash": "sha256-mMI9IanU+Xw+pVogD2oT0I2kTmvz2Un/Apc5+CwUpEY=",
        "owner": "nix-community",
        "repo": "preservation",
        "rev": "93416f4614ad2dfed5b0dcf12f27e57d27a5ab11",
        "type": "github"
      },
      "original": {
        "owner": "nix-community",
        "repo": "preservation",
        "type": "github"
      }
    },
    "root": {
      "inputs": {
        "disko": "disko",
        "disko-stable": "disko-stable",
        "flake-parts": "flake-parts",
        "import-tree": "import-tree",
        "nixpkgs": "nixpkgs",
        "nixpkgs-stable": "nixpkgs-stable",
        "preservation": "preservation",
        "sops-nix": "sops-nix",
        "sops-nix-stable": "sops-nix-stable"
      }
    },
    "sops-nix": {
      "inputs": {
        "nixpkgs": [
          "nixpkgs"
        ]
      },
      "locked": {
        "lastModified": 1777944972,
        "narHash": "sha256-VfGRo1qTBKOe3s2gOv8LSoA6Fk19PvBlwQ1ECN0Evn8=",
        "owner": "Mic92",
        "repo": "sops-nix",
        "rev": "c591bf665727040c6cc5cb409079acb22dcce33c",
        "type": "github"
      },
      "original": {
        "owner": "Mic92",
        "repo": "sops-nix",
        "type": "github"
      }
    },
    "sops-nix-stable": {
      "inputs": {
        "nixpkgs": [
          "nixpkgs-stable"
        ]
      },
      "locked": {
        "lastModified": 1777944972,
        "narHash": "sha256-VfGRo1qTBKOe3s2gOv8LSoA6Fk19PvBlwQ1ECN0Evn8=",
        "owner": "Mic92",
        "repo": "sops-nix",
        "rev": "c591bf665727040c6cc5cb409079acb22dcce33c",
        "type": "github"
      },
      "original": {
        "owner": "Mic92",
        "repo": "sops-nix",
        "type": "github"
      }
    }
  },
  "root": "root",
  "version": 7
}
